
Microsoft Visual Studio Solution File, Format Version 12.00
# Visual Studio Version 17
VisualStudioVersion = 17.13.35931.197
MinimumVisualStudioVersion = 10.0.40219.1
Project("{8BC9CEB8-8B4A-11D0-8D11-00A0C91BC942}") = "Exercise 1", "Exercise 1\Exercise 1.vcxproj", "{91765BB2-02F5-4433-A287-771004720016}"
EndProject
Project("{8BC9CEB8-8B4A-11D0-8D11-00A0C91BC942}") = "Exercise 2", "Exercise 2\Exercise 2.vcxproj", "{B8980629-FFAE-4776-93FE-545B3AC2F6EC}"
EndProject
Project("{2150E333-8FDC-42A3-9474-1A3956D46DE8}") = "Solution Items", "Solution Items", "{8EC462FD-D22E-90A8-E5CE-7E832BA40C5D}"
	ProjectSection(SolutionItems) = preProject
		24120325.cpp = 24120325.cpp
	EndProjectSection
EndProject
Global
	GlobalSection(SolutionConfigurationPlatforms) = preSolution
		Debug|x64 = Debug|x64
		Debug|x86 = Debug|x86
		Release|x64 = Release|x64
		Release|x86 = Release|x86
	EndGlobalSection
	GlobalSection(ProjectConfigurationPlatforms) = postSolution
		{91765BB2-02F5-4433-A287-771004720016}.Debug|x64.ActiveCfg = Debug|x64
		{91765BB2-02F5-4433-A287-771004720016}.Debug|x64.Build.0 = Debug|x64
		{91765BB2-02F5-4433-A287-771004720016}.Debug|x86.ActiveCfg = Debug|Win32
		{91765BB2-02F5-4433-A287-771004720016}.Debug|x86.Build.0 = Debug|Win32
		{91765BB2-02F5-4433-A287-771004720016}.Release|x64.ActiveCfg = Release|x64
		{91765BB2-02F5-4433-A287-771004720016}.Release|x64.Build.0 = Release|x64
		{91765BB2-02F5-4433-A287-771004720016}.Release|x86.ActiveCfg = Release|Win32
		{91765BB2-02F5-4433-A287-771004720016}.Release|x86.Build.0 = Release|Win32
		{B8980629-FFAE-4776-93FE-545B3AC2F6EC}.Debug|x64.ActiveCfg = Debug|x64
		{B8980629-FFAE-4776-93FE-545B3AC2F6EC}.Debug|x64.Build.0 = Debug|x64
		{B8980629-FFAE-4776-93FE-545B3AC2F6EC}.Debug|x86.ActiveCfg = Debug|Win32
		{B8980629-FFAE-4776-93FE-545B3AC2F6EC}.Debug|x86.Build.0 = Debug|Win32
		{B8980629-FFAE-4776-93FE-545B3AC2F6EC}.Release|x64.ActiveCfg = Release|x64
		{B8980629-FFAE-4776-93FE-545B3AC2F6EC}.Release|x64.Build.0 = Release|x64
		{B8980629-FFAE-4776-93FE-545B3AC2F6EC}.Release|x86.ActiveCfg = Release|Win32
		{B8980629-FFAE-4776-93FE-545B3AC2F6EC}.Release|x86.Build.0 = Release|Win32
	EndGlobalSection
	GlobalSection(SolutionProperties) = preSolution
		HideSolutionNode = FALSE
	EndGlobalSection
	GlobalSection(ExtensibilityGlobals) = postSolution
		SolutionGuid = {FB3D9AE6-77D1-4EDB-955A-EFE3D3B9EA77}
	EndGlobalSection
EndGlobal
